
Microsoft Visual Studio Solution File, Format Version 12.00
# Visual Studio Version 17
VisualStudioVersion = 17.11.35312.102
MinimumVisualStudioVersion = 10.0.40219.1
Project("{2150E333-8FDC-42A3-9474-1A3956D46DE8}") = "src", "src", "{965A6F06-26F7-489C-AA0B-2FADF74662B6}"
EndProject
Project("{2150E333-8FDC-42A3-9474-1A3956D46DE8}") = "test", "test", "{1F90822D-6CA4-4671-98A6-F8BB4DDDB851}"
EndProject
Project("{2150E333-8FDC-42A3-9474-1A3956D46DE8}") = "APIs", "APIs", "{A54A5C9B-B595-4929-9121-801DF72F7603}"
EndProject
Project("{2150E333-8FDC-42A3-9474-1A3956D46DE8}") = "Core", "Core", "{8DE0356D-1A25-420E-B2B7-407C5163C030}"
EndProject
Project("{2150E333-8FDC-42A3-9474-1A3956D46DE8}") = "infrastructure", "infrastructure", "{0A94CB95-D662-4257-AFED-4E068F773833}"
EndProject
Project("{2150E333-8FDC-42A3-9474-1A3956D46DE8}") = "UI", "UI", "{CC8B5BC3-775B-4400-A4EB-BE9C7B338EEA}"
EndProject
Project("{2150E333-8FDC-42A3-9474-1A3956D46DE8}") = "Client", "Client", "{AC5368E2-346A-4E50-86DD-77D1C474DA24}"
EndProject
Project("{2150E333-8FDC-42A3-9474-1A3956D46DE8}") = "Dashbord", "Dashbord", "{A8FF5EDC-C61B-4BDD-9927-C52FBA3857F5}"
EndProject
Project("{FAE04EC0-301F-11D3-BF4B-00C04F79EFBC}") = "LinkDev.Talabat.APIs", "LinkDev.Talabat.APIs\LinkDev.Talabat.APIs.csproj", "{C2AE4674-1DAE-41D9-86C5-07AE0AFAC9F3}"
EndProject
Global
	GlobalSection(SolutionConfigurationPlatforms) = preSolution
		Debug|Any CPU = Debug|Any CPU
		Release|Any CPU = Release|Any CPU
	EndGlobalSection
	GlobalSection(ProjectConfigurationPlatforms) = postSolution
		{C2AE4674-1DAE-41D9-86C5-07AE0AFAC9F3}.Debug|Any CPU.ActiveCfg = Debug|Any CPU
		{C2AE4674-1DAE-41D9-86C5-07AE0AFAC9F3}.Debug|Any CPU.Build.0 = Debug|Any CPU
		{C2AE4674-1DAE-41D9-86C5-07AE0AFAC9F3}.Release|Any CPU.ActiveCfg = Release|Any CPU
		{C2AE4674-1DAE-41D9-86C5-07AE0AFAC9F3}.Release|Any CPU.Build.0 = Release|Any CPU
	EndGlobalSection
	GlobalSection(SolutionProperties) = preSolution
		HideSolutionNode = FALSE
	EndGlobalSection
	GlobalSection(NestedProjects) = preSolution
		{A54A5C9B-B595-4929-9121-801DF72F7603} = {965A6F06-26F7-489C-AA0B-2FADF74662B6}
		{8DE0356D-1A25-420E-B2B7-407C5163C030} = {965A6F06-26F7-489C-AA0B-2FADF74662B6}
		{0A94CB95-D662-4257-AFED-4E068F773833} = {965A6F06-26F7-489C-AA0B-2FADF74662B6}
		{CC8B5BC3-775B-4400-A4EB-BE9C7B338EEA} = {965A6F06-26F7-489C-AA0B-2FADF74662B6}
		{AC5368E2-346A-4E50-86DD-77D1C474DA24} = {CC8B5BC3-775B-4400-A4EB-BE9C7B338EEA}
		{A8FF5EDC-C61B-4BDD-9927-C52FBA3857F5} = {CC8B5BC3-775B-4400-A4EB-BE9C7B338EEA}
		{C2AE4674-1DAE-41D9-86C5-07AE0AFAC9F3} = {A54A5C9B-B595-4929-9121-801DF72F7603}
	EndGlobalSection
	GlobalSection(ExtensibilityGlobals) = postSolution
		SolutionGuid = {0F5D7A1E-0C0D-4AF8-9DA3-F6CD69F8C56B}
	EndGlobalSection
EndGlobal
